
Microsoft Visual Studio Solution File, Format Version 12.00
# Visual Studio 15
VisualStudioVersion = 15.0.26430.12
MinimumVisualStudioVersion = 10.0.40219.1
Project("{FAE04EC0-301F-11D3-BF4B-00C04F79EFBC}") = "SpiceSharp", "SpiceSharp\SpiceSharp.csproj", "{080D88DB-051E-499B-A02B-EAA36DE52853}"
EndProject
Project("{FAE04EC0-301F-11D3-BF4B-00C04F79EFBC}") = "SpiceSharpTest", "SpiceSharpTest\SpiceSharpTest.csproj", "{460A65A4-482F-48C8-B7CB-BA42CF83DE20}"
EndProject
Global
	GlobalSection(SolutionConfigurationPlatforms) = preSolution
		Debug|Any CPU = Debug|Any CPU
		Release|Any CPU = Release|Any CPU
	EndGlobalSection
	GlobalSection(ProjectConfigurationPlatforms) = postSolution
		{080D88DB-051E-499B-A02B-EAA36DE52853}.Debug|Any CPU.ActiveCfg = Debug|Any CPU
		{080D88DB-051E-499B-A02B-EAA36DE52853}.Debug|Any CPU.Build.0 = Debug|Any CPU
		{080D88DB-051E-499B-A02B-EAA36DE52853}.Release|Any CPU.ActiveCfg = Release|Any CPU
		{080D88DB-051E-499B-A02B-EAA36DE52853}.Release|Any CPU.Build.0 = Release|Any CPU
		{460A65A4-482F-48C8-B7CB-BA42CF83DE20}.Debug|Any CPU.ActiveCfg = Debug|Any CPU
		{460A65A4-482F-48C8-B7CB-BA42CF83DE20}.Debug|Any CPU.Build.0 = Debug|Any CPU
		{460A65A4-482F-48C8-B7CB-BA42CF83DE20}.Release|Any CPU.ActiveCfg = Release|Any CPU
		{460A65A4-482F-48C8-B7CB-BA42CF83DE20}.Release|Any CPU.Build.0 = Release|Any CPU
	EndGlobalSection
	GlobalSection(SolutionProperties) = preSolution
		HideSolutionNode = FALSE
	EndGlobalSection
EndGlobal
