
Microsoft Visual Studio Solution File, Format Version 12.00
# Visual Studio 15
VisualStudioVersion = 15.0.27130.2003
MinimumVisualStudioVersion = 10.0.40219.1
Project("{FAE04EC0-301F-11D3-BF4B-00C04F79EFBC}") = "SpiceSharp", "SpiceSharp\SpiceSharp.csproj", "{080D88DB-051E-499B-A02B-EAA36DE52853}"
EndProject
Project("{FAE04EC0-301F-11D3-BF4B-00C04F79EFBC}") = "SpiceSharpBSIM", "SpiceSharpTransistors\SpiceSharpBSIM.csproj", "{104C054B-EA2F-4647-B19B-21502F88EA8C}"
	ProjectSection(ProjectDependencies) = postProject
		{080D88DB-051E-499B-A02B-EAA36DE52853} = {080D88DB-051E-499B-A02B-EAA36DE52853}
	EndProjectSection
EndProject
Project("{FAE04EC0-301F-11D3-BF4B-00C04F79EFBC}") = "Spice2SpiceSharp", "Spice2SpiceSharp\Spice2SpiceSharp.csproj", "{C351CBA3-7B96-42F7-9D71-F9AE5E773149}"
EndProject
Project("{FAE04EC0-301F-11D3-BF4B-00C04F79EFBC}") = "SpiceSharpParser", "SpiceSharpParser\SpiceSharpParser.csproj", "{FDB9A121-DFF2-403B-9430-D128A2A2794F}"
EndProject
Project("{FAE04EC0-301F-11D3-BF4B-00C04F79EFBC}") = "SpiceSharpTest", "SpiceSharpTest\SpiceSharpTest.csproj", "{DE500B6D-352C-4C63-AA37-655D7369D728}"
EndProject
Project("{FAE04EC0-301F-11D3-BF4B-00C04F79EFBC}") = "Sandbox", "Sandbox\Sandbox.csproj", "{8A97174E-3144-466F-AE26-20A43124ABF5}"
EndProject
Project("{2150E333-8FDC-42A3-9474-1A3956D46DE8}") = "Solution Items", "Solution Items", "{0530BC95-5ECA-4D35-BD40-7880B4803608}"
	ProjectSection(SolutionItems) = preProject
		appveyor.yml = appveyor.yml
	EndProjectSection
EndProject
Project("{FAE04EC0-301F-11D3-BF4B-00C04F79EFBC}") = "SpiceSharpParserTest", "SpiceSharpParserTest\SpiceSharpParserTest.csproj", "{9F44BFE3-2C02-4D88-9F8F-9417A672F655}"
EndProject
Global
	GlobalSection(SolutionConfigurationPlatforms) = preSolution
		Debug|Any CPU = Debug|Any CPU
		Release|Any CPU = Release|Any CPU
	EndGlobalSection
	GlobalSection(ProjectConfigurationPlatforms) = postSolution
		{080D88DB-051E-499B-A02B-EAA36DE52853}.Debug|Any CPU.ActiveCfg = Debug|Any CPU
		{080D88DB-051E-499B-A02B-EAA36DE52853}.Debug|Any CPU.Build.0 = Debug|Any CPU
		{080D88DB-051E-499B-A02B-EAA36DE52853}.Release|Any CPU.ActiveCfg = Release|Any CPU
		{080D88DB-051E-499B-A02B-EAA36DE52853}.Release|Any CPU.Build.0 = Release|Any CPU
		{104C054B-EA2F-4647-B19B-21502F88EA8C}.Debug|Any CPU.ActiveCfg = Debug|Any CPU
		{104C054B-EA2F-4647-B19B-21502F88EA8C}.Debug|Any CPU.Build.0 = Debug|Any CPU
		{104C054B-EA2F-4647-B19B-21502F88EA8C}.Release|Any CPU.ActiveCfg = Release|Any CPU
		{104C054B-EA2F-4647-B19B-21502F88EA8C}.Release|Any CPU.Build.0 = Release|Any CPU
		{C351CBA3-7B96-42F7-9D71-F9AE5E773149}.Debug|Any CPU.ActiveCfg = Debug|Any CPU
		{C351CBA3-7B96-42F7-9D71-F9AE5E773149}.Debug|Any CPU.Build.0 = Debug|Any CPU
		{C351CBA3-7B96-42F7-9D71-F9AE5E773149}.Release|Any CPU.ActiveCfg = Release|Any CPU
		{C351CBA3-7B96-42F7-9D71-F9AE5E773149}.Release|Any CPU.Build.0 = Release|Any CPU
		{FDB9A121-DFF2-403B-9430-D128A2A2794F}.Debug|Any CPU.ActiveCfg = Debug|Any CPU
		{FDB9A121-DFF2-403B-9430-D128A2A2794F}.Debug|Any CPU.Build.0 = Debug|Any CPU
		{FDB9A121-DFF2-403B-9430-D128A2A2794F}.Release|Any CPU.ActiveCfg = Release|Any CPU
		{FDB9A121-DFF2-403B-9430-D128A2A2794F}.Release|Any CPU.Build.0 = Release|Any CPU
		{DE500B6D-352C-4C63-AA37-655D7369D728}.Debug|Any CPU.ActiveCfg = Debug|Any CPU
		{DE500B6D-352C-4C63-AA37-655D7369D728}.Debug|Any CPU.Build.0 = Debug|Any CPU
		{DE500B6D-352C-4C63-AA37-655D7369D728}.Release|Any CPU.ActiveCfg = Release|Any CPU
		{DE500B6D-352C-4C63-AA37-655D7369D728}.Release|Any CPU.Build.0 = Release|Any CPU
		{8A97174E-3144-466F-AE26-20A43124ABF5}.Debug|Any CPU.ActiveCfg = Debug|Any CPU
		{8A97174E-3144-466F-AE26-20A43124ABF5}.Debug|Any CPU.Build.0 = Debug|Any CPU
		{8A97174E-3144-466F-AE26-20A43124ABF5}.Release|Any CPU.ActiveCfg = Release|Any CPU
		{8A97174E-3144-466F-AE26-20A43124ABF5}.Release|Any CPU.Build.0 = Release|Any CPU
		{9F44BFE3-2C02-4D88-9F8F-9417A672F655}.Debug|Any CPU.ActiveCfg = Debug|Any CPU
		{9F44BFE3-2C02-4D88-9F8F-9417A672F655}.Debug|Any CPU.Build.0 = Debug|Any CPU
		{9F44BFE3-2C02-4D88-9F8F-9417A672F655}.Release|Any CPU.ActiveCfg = Release|Any CPU
		{9F44BFE3-2C02-4D88-9F8F-9417A672F655}.Release|Any CPU.Build.0 = Release|Any CPU
	EndGlobalSection
	GlobalSection(SolutionProperties) = preSolution
		HideSolutionNode = FALSE
	EndGlobalSection
	GlobalSection(ExtensibilityGlobals) = postSolution
		SolutionGuid = {4CD32ED4-D41E-47A2-9627-A4409628205D}
	EndGlobalSection
EndGlobal
