
Microsoft Visual Studio Solution File, Format Version 12.00
# Visual Studio Version 16
VisualStudioVersion = 16.0.29326.143
MinimumVisualStudioVersion = 10.0.40219.1
Project("{2150E333-8FDC-42A3-9474-1A3956D46DE8}") = "Solution Items", "Solution Items", "{0530BC95-5ECA-4D35-BD40-7880B4803608}"
	ProjectSection(SolutionItems) = preProject
		.editorconfig = .editorconfig
		docfx.json = docfx.json
	EndProjectSection
EndProject
Project("{9A19103F-16F7-4668-BE54-9A1E7A4F7556}") = "SpiceSharp", "SpiceSharp\SpiceSharp.csproj", "{FD906B56-E076-46B7-ACEF-2D870189588C}"
EndProject
Project("{FAE04EC0-301F-11D3-BF4B-00C04F79EFBC}") = "SpiceSharpTest", "SpiceSharpTest\SpiceSharpTest.csproj", "{DE500B6D-352C-4C63-AA37-655D7369D728}"
EndProject
Project("{FAE04EC0-301F-11D3-BF4B-00C04F79EFBC}") = "SpiceSharpGenerator", "SpiceSharpGenerator\SpiceSharpGenerator.csproj", "{96CB08AD-A47B-4751-B747-E3D99E0ED679}"
EndProject
Global
	GlobalSection(SolutionConfigurationPlatforms) = preSolution
		Debug|Any CPU = Debug|Any CPU
		Release|Any CPU = Release|Any CPU
	EndGlobalSection
	GlobalSection(ProjectConfigurationPlatforms) = postSolution
		{FD906B56-E076-46B7-ACEF-2D870189588C}.Debug|Any CPU.ActiveCfg = Debug|Any CPU
		{FD906B56-E076-46B7-ACEF-2D870189588C}.Debug|Any CPU.Build.0 = Debug|Any CPU
		{FD906B56-E076-46B7-ACEF-2D870189588C}.Release|Any CPU.ActiveCfg = Release|Any CPU
		{FD906B56-E076-46B7-ACEF-2D870189588C}.Release|Any CPU.Build.0 = Release|Any CPU
		{DE500B6D-352C-4C63-AA37-655D7369D728}.Debug|Any CPU.ActiveCfg = Debug|Any CPU
		{DE500B6D-352C-4C63-AA37-655D7369D728}.Debug|Any CPU.Build.0 = Debug|Any CPU
		{DE500B6D-352C-4C63-AA37-655D7369D728}.Release|Any CPU.ActiveCfg = Release|Any CPU
		{DE500B6D-352C-4C63-AA37-655D7369D728}.Release|Any CPU.Build.0 = Release|Any CPU
		{96CB08AD-A47B-4751-B747-E3D99E0ED679}.Debug|Any CPU.ActiveCfg = Debug|Any CPU
		{96CB08AD-A47B-4751-B747-E3D99E0ED679}.Debug|Any CPU.Build.0 = Debug|Any CPU
		{96CB08AD-A47B-4751-B747-E3D99E0ED679}.Release|Any CPU.ActiveCfg = Release|Any CPU
		{96CB08AD-A47B-4751-B747-E3D99E0ED679}.Release|Any CPU.Build.0 = Release|Any CPU
	EndGlobalSection
	GlobalSection(SolutionProperties) = preSolution
		HideSolutionNode = FALSE
	EndGlobalSection
	GlobalSection(ExtensibilityGlobals) = postSolution
		SolutionGuid = {4CD32ED4-D41E-47A2-9627-A4409628205D}
	EndGlobalSection
EndGlobal
